
Microsoft Visual Studio Solution File, Format Version 12.00
# Visual Studio 15
VisualStudioVersion = 15.0.26403.7
MinimumVisualStudioVersion = 10.0.40219.1
Project("{9A19103F-16F7-4668-BE54-9A1E7A4F7556}") = "Deploy", "Deploy\Deploy.csproj", "{F5D80169-5D97-4C2A-8B91-4BC8F8D7B929}"
EndProject
Project("{9A19103F-16F7-4668-BE54-9A1E7A4F7556}") = "Deploy.Service", "Deploy.Service\Deploy.Service.csproj", "{B859CAB5-5DF0-40D4-8B86-739916AD1A27}"
EndProject
Project("{9A19103F-16F7-4668-BE54-9A1E7A4F7556}") = "Deploy.DAL", "Deploy.DAL\Deploy.DAL.csproj", "{E12DF46C-4465-4F1D-852B-797E548FE987}"
EndProject
Project("{9A19103F-16F7-4668-BE54-9A1E7A4F7556}") = "DTO", "DTO\DTO.csproj", "{29BDDD17-C65C-4977-ACA2-C3D076F70F50}"
	ProjectSection(ProjectDependencies) = postProject
		{E12DF46C-4465-4F1D-852B-797E548FE987} = {E12DF46C-4465-4F1D-852B-797E548FE987}
	EndProjectSection
EndProject
Global
	GlobalSection(SolutionConfigurationPlatforms) = preSolution
		Debug|Any CPU = Debug|Any CPU
		Debug|x64 = Debug|x64
		Debug|x86 = Debug|x86
		Release|Any CPU = Release|Any CPU
		Release|x64 = Release|x64
		Release|x86 = Release|x86
	EndGlobalSection
	GlobalSection(ProjectConfigurationPlatforms) = postSolution
		{F5D80169-5D97-4C2A-8B91-4BC8F8D7B929}.Debug|Any CPU.ActiveCfg = Debug|Any CPU
		{F5D80169-5D97-4C2A-8B91-4BC8F8D7B929}.Debug|Any CPU.Build.0 = Debug|Any CPU
		{F5D80169-5D97-4C2A-8B91-4BC8F8D7B929}.Debug|x64.ActiveCfg = Debug|Any CPU
		{F5D80169-5D97-4C2A-8B91-4BC8F8D7B929}.Debug|x64.Build.0 = Debug|Any CPU
		{F5D80169-5D97-4C2A-8B91-4BC8F8D7B929}.Debug|x86.ActiveCfg = Debug|Any CPU
		{F5D80169-5D97-4C2A-8B91-4BC8F8D7B929}.Debug|x86.Build.0 = Debug|Any CPU
		{F5D80169-5D97-4C2A-8B91-4BC8F8D7B929}.Release|Any CPU.ActiveCfg = Release|Any CPU
		{F5D80169-5D97-4C2A-8B91-4BC8F8D7B929}.Release|Any CPU.Build.0 = Release|Any CPU
		{F5D80169-5D97-4C2A-8B91-4BC8F8D7B929}.Release|x64.ActiveCfg = Release|Any CPU
		{F5D80169-5D97-4C2A-8B91-4BC8F8D7B929}.Release|x64.Build.0 = Release|Any CPU
		{F5D80169-5D97-4C2A-8B91-4BC8F8D7B929}.Release|x86.ActiveCfg = Release|Any CPU
		{F5D80169-5D97-4C2A-8B91-4BC8F8D7B929}.Release|x86.Build.0 = Release|Any CPU
		{B859CAB5-5DF0-40D4-8B86-739916AD1A27}.Debug|Any CPU.ActiveCfg = Debug|Any CPU
		{B859CAB5-5DF0-40D4-8B86-739916AD1A27}.Debug|Any CPU.Build.0 = Debug|Any CPU
		{B859CAB5-5DF0-40D4-8B86-739916AD1A27}.Debug|x64.ActiveCfg = Debug|Any CPU
		{B859CAB5-5DF0-40D4-8B86-739916AD1A27}.Debug|x64.Build.0 = Debug|Any CPU
		{B859CAB5-5DF0-40D4-8B86-739916AD1A27}.Debug|x86.ActiveCfg = Debug|Any CPU
		{B859CAB5-5DF0-40D4-8B86-739916AD1A27}.Debug|x86.Build.0 = Debug|Any CPU
		{B859CAB5-5DF0-40D4-8B86-739916AD1A27}.Release|Any CPU.ActiveCfg = Release|Any CPU
		{B859CAB5-5DF0-40D4-8B86-739916AD1A27}.Release|Any CPU.Build.0 = Release|Any CPU
		{B859CAB5-5DF0-40D4-8B86-739916AD1A27}.Release|x64.ActiveCfg = Release|Any CPU
		{B859CAB5-5DF0-40D4-8B86-739916AD1A27}.Release|x64.Build.0 = Release|Any CPU
		{B859CAB5-5DF0-40D4-8B86-739916AD1A27}.Release|x86.ActiveCfg = Release|Any CPU
		{B859CAB5-5DF0-40D4-8B86-739916AD1A27}.Release|x86.Build.0 = Release|Any CPU
		{E12DF46C-4465-4F1D-852B-797E548FE987}.Debug|Any CPU.ActiveCfg = Debug|Any CPU
		{E12DF46C-4465-4F1D-852B-797E548FE987}.Debug|Any CPU.Build.0 = Debug|Any CPU
		{E12DF46C-4465-4F1D-852B-797E548FE987}.Debug|x64.ActiveCfg = Debug|Any CPU
		{E12DF46C-4465-4F1D-852B-797E548FE987}.Debug|x64.Build.0 = Debug|Any CPU
		{E12DF46C-4465-4F1D-852B-797E548FE987}.Debug|x86.ActiveCfg = Debug|Any CPU
		{E12DF46C-4465-4F1D-852B-797E548FE987}.Debug|x86.Build.0 = Debug|Any CPU
		{E12DF46C-4465-4F1D-852B-797E548FE987}.Release|Any CPU.ActiveCfg = Release|Any CPU
		{E12DF46C-4465-4F1D-852B-797E548FE987}.Release|Any CPU.Build.0 = Release|Any CPU
		{E12DF46C-4465-4F1D-852B-797E548FE987}.Release|x64.ActiveCfg = Release|Any CPU
		{E12DF46C-4465-4F1D-852B-797E548FE987}.Release|x64.Build.0 = Release|Any CPU
		{E12DF46C-4465-4F1D-852B-797E548FE987}.Release|x86.ActiveCfg = Release|Any CPU
		{E12DF46C-4465-4F1D-852B-797E548FE987}.Release|x86.Build.0 = Release|Any CPU
		{29BDDD17-C65C-4977-ACA2-C3D076F70F50}.Debug|Any CPU.ActiveCfg = Debug|Any CPU
		{29BDDD17-C65C-4977-ACA2-C3D076F70F50}.Debug|Any CPU.Build.0 = Debug|Any CPU
		{29BDDD17-C65C-4977-ACA2-C3D076F70F50}.Debug|x64.ActiveCfg = Debug|Any CPU
		{29BDDD17-C65C-4977-ACA2-C3D076F70F50}.Debug|x64.Build.0 = Debug|Any CPU
		{29BDDD17-C65C-4977-ACA2-C3D076F70F50}.Debug|x86.ActiveCfg = Debug|Any CPU
		{29BDDD17-C65C-4977-ACA2-C3D076F70F50}.Debug|x86.Build.0 = Debug|Any CPU
		{29BDDD17-C65C-4977-ACA2-C3D076F70F50}.Release|Any CPU.ActiveCfg = Release|Any CPU
		{29BDDD17-C65C-4977-ACA2-C3D076F70F50}.Release|Any CPU.Build.0 = Release|Any CPU
		{29BDDD17-C65C-4977-ACA2-C3D076F70F50}.Release|x64.ActiveCfg = Release|Any CPU
		{29BDDD17-C65C-4977-ACA2-C3D076F70F50}.Release|x64.Build.0 = Release|Any CPU
		{29BDDD17-C65C-4977-ACA2-C3D076F70F50}.Release|x86.ActiveCfg = Release|Any CPU
		{29BDDD17-C65C-4977-ACA2-C3D076F70F50}.Release|x86.Build.0 = Release|Any CPU
	EndGlobalSection
	GlobalSection(SolutionProperties) = preSolution
		HideSolutionNode = FALSE
	EndGlobalSection
EndGlobal
